
Microsoft Visual Studio Solution File, Format Version 12.00
# Visual Studio Version 16
VisualStudioVersion = 16.0.32228.343
MinimumVisualStudioVersion = 10.0.40219.1
Project("{9A19103F-16F7-4668-BE54-9A1E7A4F7556}") = "I01", "Clase01\I01.csproj", "{AA3D65CC-EB98-4E1B-8E19-30A63390895B}"
EndProject
Project("{2150E333-8FDC-42A3-9474-1A3956D46DE8}") = "Clase_01_Introduccion", "Clase_01_Introduccion", "{FF96F55F-FA92-46D8-A0A6-B12A2859213B}"
EndProject
Project("{9A19103F-16F7-4668-BE54-9A1E7A4F7556}") = "I02", "I02\I02.csproj", "{242C9106-A99D-4B55-819B-2454A919C080}"
EndProject
Project("{9A19103F-16F7-4668-BE54-9A1E7A4F7556}") = "I03", "I03\I03.csproj", "{F89AA095-EBC5-457E-9F44-3272ADAD5AE2}"
EndProject
Project("{9A19103F-16F7-4668-BE54-9A1E7A4F7556}") = "I04", "I04\I04.csproj", "{EC4AED06-4169-42A5-8FD1-E850DC99E806}"
EndProject
Project("{9A19103F-16F7-4668-BE54-9A1E7A4F7556}") = "I05", "I05\I05.csproj", "{F0C21DBC-E304-412F-BC6B-37502C8BC0E0}"
EndProject
Project("{9A19103F-16F7-4668-BE54-9A1E7A4F7556}") = "I01_Consola", "I01_Prestamo\I01_Consola.csproj", "{72F61563-6437-4C98-914C-F6554CDBEBF0}"
EndProject
Project("{9A19103F-16F7-4668-BE54-9A1E7A4F7556}") = "I01_Entidades", "I01_Clases\I01_Entidades.csproj", "{B5FB3E4A-81E2-4982-9E4F-F7C5A4BCD5C8}"
EndProject
Project("{2150E333-8FDC-42A3-9474-1A3956D46DE8}") = "Clase_03y04_POO", "Clase_03y04_POO", "{A09467FF-3A69-4A4D-8CB7-CA7D5AC2ABC0}"
EndProject
Project("{9A19103F-16F7-4668-BE54-9A1E7A4F7556}") = "I07", "I07\I07.csproj", "{753AC5BD-CB7A-4B3C-8524-3A6702B3C8B9}"
EndProject
Project("{2150E333-8FDC-42A3-9474-1A3956D46DE8}") = "Clase_02_Estaticos", "Clase_02_Estaticos", "{FE13E499-C64C-427C-AC4A-B256A503A1E1}"
EndProject
Project("{9A19103F-16F7-4668-BE54-9A1E7A4F7556}") = "I01_Validador", "I01_Validador\I01_Validador.csproj", "{3C3BD04C-4E3A-4A43-86FD-07F085600305}"
EndProject
Project("{9A19103F-16F7-4668-BE54-9A1E7A4F7556}") = "I03_ConversorBinario", "I03_ConversorBinario\I03_ConversorBinario.csproj", "{9954DECA-FB63-454A-B9CE-E08E4E58B276}"
EndProject
Project("{9A19103F-16F7-4668-BE54-9A1E7A4F7556}") = "I04_Calculadora", "I04_Calculadora\I04_Calculadora.csproj", "{00A57255-4D13-476C-92AE-54004D4716B6}"
EndProject
Project("{9A19103F-16F7-4668-BE54-9A1E7A4F7556}") = "I05_Tablas", "I05_Tablas\I05_Tablas.csproj", "{6AED3250-FC9A-416B-AD74-48AE91AE9688}"
EndProject
Project("{9A19103F-16F7-4668-BE54-9A1E7A4F7556}") = "I06_CalculadoraAreas", "I06_CalculadoraAreas\I06_CalculadoraAreas.csproj", "{7434EF48-9463-4CC5-977D-ABE54255A851}"
EndProject
Project("{9A19103F-16F7-4668-BE54-9A1E7A4F7556}") = "I07_Pitagoras", "I07_Pitagoras\I07_Pitagoras.csproj", "{1B6A4434-94EF-41DA-9A85-CA80155AB09B}"
EndProject
Project("{9A19103F-16F7-4668-BE54-9A1E7A4F7556}") = "I08_Tiempo", "I08_Tiempo\I08_Tiempo.csproj", "{AD9E330C-26BD-4162-94AD-6F4CC7BEF380}"
EndProject
Project("{2150E333-8FDC-42A3-9474-1A3956D46DE8}") = "I01_Prestamo", "I01_Prestamo", "{CC02AB00-11D5-4AA6-915C-6C2925288D90}"
EndProject
Project("{9A19103F-16F7-4668-BE54-9A1E7A4F7556}") = "I02_Consola", "I02_Consola\I02_Consola.csproj", "{D14BF9BE-4D74-49C7-9503-9694C1A07778}"
EndProject
Project("{9A19103F-16F7-4668-BE54-9A1E7A4F7556}") = "I02_Entidades", "I02_Entidades\I02_Entidades.csproj", "{CC9F33C3-621A-402A-9DAA-22054B15B18C}"
EndProject
Project("{2150E333-8FDC-42A3-9474-1A3956D46DE8}") = "I02_Primaveras", "I02_Primaveras", "{68877663-8006-46A8-8F4A-FFE9982923E3}"
EndProject
Project("{9A19103F-16F7-4668-BE54-9A1E7A4F7556}") = "I03_Consola", "I03_Consola\I03_Consola.csproj", "{A2ECBDF5-BE33-47B5-BB80-F8EC5981F838}"
EndProject
Project("{9A19103F-16F7-4668-BE54-9A1E7A4F7556}") = "I03_Clases", "I03_Clases\I03_Clases.csproj", "{0F819BE3-16A1-46DA-94F1-9118613DA694}"
EndProject
Project("{2150E333-8FDC-42A3-9474-1A3956D46DE8}") = "I03_EjemploUniversal", "I03_EjemploUniversal", "{AAD59B11-9167-4787-91C2-6CA59DB71BC1}"
EndProject
Project("{2150E333-8FDC-42A3-9474-1A3956D46DE8}") = "Clase_07_Colecciones", "Clase_07_Colecciones", "{8E871730-ADCB-446A-871A-F6193B4BDA25}"
EndProject
Project("{9A19103F-16F7-4668-BE54-9A1E7A4F7556}") = "C01_Biblioteca", "C01_Biblioteca\C01_Biblioteca.csproj", "{D36CA1AC-13C3-485E-8700-109B9A5477FC}"
EndProject
Project("{9A19103F-16F7-4668-BE54-9A1E7A4F7556}") = "C01_Consola", "Consola\C01_Consola.csproj", "{769E751D-691B-4D05-AB19-68BEAA614E11}"
EndProject
Project("{2150E333-8FDC-42A3-9474-1A3956D46DE8}") = "I04_InventoArgentino", "I04_InventoArgentino", "{E4299267-6D8F-4F3E-80FF-68A0DB7A110B}"
EndProject
Project("{9A19103F-16F7-4668-BE54-9A1E7A4F7556}") = "I04_Clases", "I04_Clases\I04_Clases.csproj", "{1A1B7618-FF82-44F7-AB16-9DBE8329C1A5}"
EndProject
Project("{9A19103F-16F7-4668-BE54-9A1E7A4F7556}") = "I04_Consola", "I04_Consola\I04_Consola.csproj", "{648D209F-6858-4222-B0EC-6C7526C27CDC}"
EndProject
Project("{2150E333-8FDC-42A3-9474-1A3956D46DE8}") = "I05_Geometria", "I05_Geometria", "{658994B4-EA4B-488D-9F8B-4C62AFAC2448}"
EndProject
Project("{9A19103F-16F7-4668-BE54-9A1E7A4F7556}") = "I05_Biblioteca", "I05_Biblioteca\I05_Biblioteca.csproj", "{3176DC40-EDA1-4D2C-AF3B-9A82BACEAFD3}"
EndProject
Project("{2150E333-8FDC-42A3-9474-1A3956D46DE8}") = "Clase_05_Sobrecarga", "Clase_05_Sobrecarga", "{7B027505-D7CA-445F-826F-125DFE377D56}"
EndProject
Project("{9A19103F-16F7-4668-BE54-9A1E7A4F7556}") = "I01_Biblio", "I01_Biblio\I01_Biblio.csproj", "{FA1E1AE9-67B3-47F8-9C6F-8DCBFC32D6D8}"
EndProject
Project("{2150E333-8FDC-42A3-9474-1A3956D46DE8}") = "I01_Sumador", "I01_Sumador", "{1109E050-A5D0-440D-A74E-15DDBBB0073A}"
EndProject
Project("{9A19103F-16F7-4668-BE54-9A1E7A4F7556}") = "I01_Consola", "I01_Consola\I01_Consola.csproj", "{6ED7E9DB-E9F8-4D95-961F-9B1BFCAB192C}"
EndProject
Project("{2150E333-8FDC-42A3-9474-1A3956D46DE8}") = "Clase_09_Herencia", "Clase_09_Herencia", "{D004BBF0-6424-4DD1-B4D1-DD620A23BFD5}"
EndProject
Project("{9A19103F-16F7-4668-BE54-9A1E7A4F7556}") = "Centralita", "Centralita\Centralita.csproj", "{E8E7B449-BC9D-4B2A-B9D9-23AD219BCE90}"
EndProject
Project("{2150E333-8FDC-42A3-9474-1A3956D46DE8}") = "C03_Centralita", "C03_Centralita", "{4440894D-0160-4C30-BCB4-F50FC64136D1}"
EndProject
Project("{9A19103F-16F7-4668-BE54-9A1E7A4F7556}") = "Test", "Test\Test.csproj", "{E80AFA49-4D70-4E83-8DB6-E1566A00E2BC}"
EndProject
Project("{9A19103F-16F7-4668-BE54-9A1E7A4F7556}") = "I02_Contador", "I02_Contador\I02_Contador.csproj", "{8D5EAE8B-4DEE-4B72-9479-E006D67953D7}"
EndProject
Project("{9A19103F-16F7-4668-BE54-9A1E7A4F7556}") = "Pruebas", "Pruebas\Pruebas.csproj", "{80310FAB-07D0-43D1-91CC-DE4F601D0EFF}"
EndProject
Project("{2150E333-8FDC-42A3-9474-1A3956D46DE8}") = "Clase_14_UnitTestYmetodosExt", "Clase_14_UnitTestYmetodosExt", "{29AB0A3D-F701-41D9-BCBA-58D4F15A64E6}"
EndProject
Project("{2150E333-8FDC-42A3-9474-1A3956D46DE8}") = "Clase_16_Interfaces", "Clase_16_Interfaces", "{6945BA1C-805E-4A5B-BC41-607D1BF75B94}"
EndProject
Project("{9A19103F-16F7-4668-BE54-9A1E7A4F7556}") = "I01_Cartuchera", "I01_Cartuchera\I01_Cartuchera.csproj", "{8478C1D1-8CD3-4E53-A542-494E4D2783FD}"
EndProject
Project("{FAE04EC0-301F-11D3-BF4B-00C04F79EFBC}") = "I01_CartucheraConsola", "I01_CartucheraConsola\I01_CartucheraConsola.csproj", "{2C8EAF74-06F1-47BB-B6A0-A6E6B7F3E272}"
EndProject
Global
	GlobalSection(SolutionConfigurationPlatforms) = preSolution
		Debug|Any CPU = Debug|Any CPU
		Release|Any CPU = Release|Any CPU
	EndGlobalSection
	GlobalSection(ProjectConfigurationPlatforms) = postSolution
		{AA3D65CC-EB98-4E1B-8E19-30A63390895B}.Debug|Any CPU.ActiveCfg = Debug|Any CPU
		{AA3D65CC-EB98-4E1B-8E19-30A63390895B}.Debug|Any CPU.Build.0 = Debug|Any CPU
		{AA3D65CC-EB98-4E1B-8E19-30A63390895B}.Release|Any CPU.ActiveCfg = Release|Any CPU
		{AA3D65CC-EB98-4E1B-8E19-30A63390895B}.Release|Any CPU.Build.0 = Release|Any CPU
		{242C9106-A99D-4B55-819B-2454A919C080}.Debug|Any CPU.ActiveCfg = Debug|Any CPU
		{242C9106-A99D-4B55-819B-2454A919C080}.Debug|Any CPU.Build.0 = Debug|Any CPU
		{242C9106-A99D-4B55-819B-2454A919C080}.Release|Any CPU.ActiveCfg = Release|Any CPU
		{242C9106-A99D-4B55-819B-2454A919C080}.Release|Any CPU.Build.0 = Release|Any CPU
		{F89AA095-EBC5-457E-9F44-3272ADAD5AE2}.Debug|Any CPU.ActiveCfg = Debug|Any CPU
		{F89AA095-EBC5-457E-9F44-3272ADAD5AE2}.Debug|Any CPU.Build.0 = Debug|Any CPU
		{F89AA095-EBC5-457E-9F44-3272ADAD5AE2}.Release|Any CPU.ActiveCfg = Release|Any CPU
		{F89AA095-EBC5-457E-9F44-3272ADAD5AE2}.Release|Any CPU.Build.0 = Release|Any CPU
		{EC4AED06-4169-42A5-8FD1-E850DC99E806}.Debug|Any CPU.ActiveCfg = Debug|Any CPU
		{EC4AED06-4169-42A5-8FD1-E850DC99E806}.Debug|Any CPU.Build.0 = Debug|Any CPU
		{EC4AED06-4169-42A5-8FD1-E850DC99E806}.Release|Any CPU.ActiveCfg = Release|Any CPU
		{EC4AED06-4169-42A5-8FD1-E850DC99E806}.Release|Any CPU.Build.0 = Release|Any CPU
		{F0C21DBC-E304-412F-BC6B-37502C8BC0E0}.Debug|Any CPU.ActiveCfg = Debug|Any CPU
		{F0C21DBC-E304-412F-BC6B-37502C8BC0E0}.Debug|Any CPU.Build.0 = Debug|Any CPU
		{F0C21DBC-E304-412F-BC6B-37502C8BC0E0}.Release|Any CPU.ActiveCfg = Release|Any CPU
		{F0C21DBC-E304-412F-BC6B-37502C8BC0E0}.Release|Any CPU.Build.0 = Release|Any CPU
		{72F61563-6437-4C98-914C-F6554CDBEBF0}.Debug|Any CPU.ActiveCfg = Debug|Any CPU
		{72F61563-6437-4C98-914C-F6554CDBEBF0}.Debug|Any CPU.Build.0 = Debug|Any CPU
		{72F61563-6437-4C98-914C-F6554CDBEBF0}.Release|Any CPU.ActiveCfg = Release|Any CPU
		{72F61563-6437-4C98-914C-F6554CDBEBF0}.Release|Any CPU.Build.0 = Release|Any CPU
		{B5FB3E4A-81E2-4982-9E4F-F7C5A4BCD5C8}.Debug|Any CPU.ActiveCfg = Debug|Any CPU
		{B5FB3E4A-81E2-4982-9E4F-F7C5A4BCD5C8}.Debug|Any CPU.Build.0 = Debug|Any CPU
		{B5FB3E4A-81E2-4982-9E4F-F7C5A4BCD5C8}.Release|Any CPU.ActiveCfg = Release|Any CPU
		{B5FB3E4A-81E2-4982-9E4F-F7C5A4BCD5C8}.Release|Any CPU.Build.0 = Release|Any CPU
		{753AC5BD-CB7A-4B3C-8524-3A6702B3C8B9}.Debug|Any CPU.ActiveCfg = Debug|Any CPU
		{753AC5BD-CB7A-4B3C-8524-3A6702B3C8B9}.Debug|Any CPU.Build.0 = Debug|Any CPU
		{753AC5BD-CB7A-4B3C-8524-3A6702B3C8B9}.Release|Any CPU.ActiveCfg = Release|Any CPU
		{753AC5BD-CB7A-4B3C-8524-3A6702B3C8B9}.Release|Any CPU.Build.0 = Release|Any CPU
		{3C3BD04C-4E3A-4A43-86FD-07F085600305}.Debug|Any CPU.ActiveCfg = Debug|Any CPU
		{3C3BD04C-4E3A-4A43-86FD-07F085600305}.Debug|Any CPU.Build.0 = Debug|Any CPU
		{3C3BD04C-4E3A-4A43-86FD-07F085600305}.Release|Any CPU.ActiveCfg = Release|Any CPU
		{3C3BD04C-4E3A-4A43-86FD-07F085600305}.Release|Any CPU.Build.0 = Release|Any CPU
		{9954DECA-FB63-454A-B9CE-E08E4E58B276}.Debug|Any CPU.ActiveCfg = Debug|Any CPU
		{9954DECA-FB63-454A-B9CE-E08E4E58B276}.Debug|Any CPU.Build.0 = Debug|Any CPU
		{9954DECA-FB63-454A-B9CE-E08E4E58B276}.Release|Any CPU.ActiveCfg = Release|Any CPU
		{9954DECA-FB63-454A-B9CE-E08E4E58B276}.Release|Any CPU.Build.0 = Release|Any CPU
		{00A57255-4D13-476C-92AE-54004D4716B6}.Debug|Any CPU.ActiveCfg = Debug|Any CPU
		{00A57255-4D13-476C-92AE-54004D4716B6}.Debug|Any CPU.Build.0 = Debug|Any CPU
		{00A57255-4D13-476C-92AE-54004D4716B6}.Release|Any CPU.ActiveCfg = Release|Any CPU
		{00A57255-4D13-476C-92AE-54004D4716B6}.Release|Any CPU.Build.0 = Release|Any CPU
		{6AED3250-FC9A-416B-AD74-48AE91AE9688}.Debug|Any CPU.ActiveCfg = Debug|Any CPU
		{6AED3250-FC9A-416B-AD74-48AE91AE9688}.Debug|Any CPU.Build.0 = Debug|Any CPU
		{6AED3250-FC9A-416B-AD74-48AE91AE9688}.Release|Any CPU.ActiveCfg = Release|Any CPU
		{6AED3250-FC9A-416B-AD74-48AE91AE9688}.Release|Any CPU.Build.0 = Release|Any CPU
		{7434EF48-9463-4CC5-977D-ABE54255A851}.Debug|Any CPU.ActiveCfg = Debug|Any CPU
		{7434EF48-9463-4CC5-977D-ABE54255A851}.Debug|Any CPU.Build.0 = Debug|Any CPU
		{7434EF48-9463-4CC5-977D-ABE54255A851}.Release|Any CPU.ActiveCfg = Release|Any CPU
		{7434EF48-9463-4CC5-977D-ABE54255A851}.Release|Any CPU.Build.0 = Release|Any CPU
		{1B6A4434-94EF-41DA-9A85-CA80155AB09B}.Debug|Any CPU.ActiveCfg = Debug|Any CPU
		{1B6A4434-94EF-41DA-9A85-CA80155AB09B}.Debug|Any CPU.Build.0 = Debug|Any CPU
		{1B6A4434-94EF-41DA-9A85-CA80155AB09B}.Release|Any CPU.ActiveCfg = Release|Any CPU
		{1B6A4434-94EF-41DA-9A85-CA80155AB09B}.Release|Any CPU.Build.0 = Release|Any CPU
		{AD9E330C-26BD-4162-94AD-6F4CC7BEF380}.Debug|Any CPU.ActiveCfg = Debug|Any CPU
		{AD9E330C-26BD-4162-94AD-6F4CC7BEF380}.Debug|Any CPU.Build.0 = Debug|Any CPU
		{AD9E330C-26BD-4162-94AD-6F4CC7BEF380}.Release|Any CPU.ActiveCfg = Release|Any CPU
		{AD9E330C-26BD-4162-94AD-6F4CC7BEF380}.Release|Any CPU.Build.0 = Release|Any CPU
		{D14BF9BE-4D74-49C7-9503-9694C1A07778}.Debug|Any CPU.ActiveCfg = Debug|Any CPU
		{D14BF9BE-4D74-49C7-9503-9694C1A07778}.Debug|Any CPU.Build.0 = Debug|Any CPU
		{D14BF9BE-4D74-49C7-9503-9694C1A07778}.Release|Any CPU.ActiveCfg = Release|Any CPU
		{D14BF9BE-4D74-49C7-9503-9694C1A07778}.Release|Any CPU.Build.0 = Release|Any CPU
		{CC9F33C3-621A-402A-9DAA-22054B15B18C}.Debug|Any CPU.ActiveCfg = Debug|Any CPU
		{CC9F33C3-621A-402A-9DAA-22054B15B18C}.Debug|Any CPU.Build.0 = Debug|Any CPU
		{CC9F33C3-621A-402A-9DAA-22054B15B18C}.Release|Any CPU.ActiveCfg = Release|Any CPU
		{CC9F33C3-621A-402A-9DAA-22054B15B18C}.Release|Any CPU.Build.0 = Release|Any CPU
		{A2ECBDF5-BE33-47B5-BB80-F8EC5981F838}.Debug|Any CPU.ActiveCfg = Debug|Any CPU
		{A2ECBDF5-BE33-47B5-BB80-F8EC5981F838}.Debug|Any CPU.Build.0 = Debug|Any CPU
		{A2ECBDF5-BE33-47B5-BB80-F8EC5981F838}.Release|Any CPU.ActiveCfg = Release|Any CPU
		{A2ECBDF5-BE33-47B5-BB80-F8EC5981F838}.Release|Any CPU.Build.0 = Release|Any CPU
		{0F819BE3-16A1-46DA-94F1-9118613DA694}.Debug|Any CPU.ActiveCfg = Debug|Any CPU
		{0F819BE3-16A1-46DA-94F1-9118613DA694}.Debug|Any CPU.Build.0 = Debug|Any CPU
		{0F819BE3-16A1-46DA-94F1-9118613DA694}.Release|Any CPU.ActiveCfg = Release|Any CPU
		{0F819BE3-16A1-46DA-94F1-9118613DA694}.Release|Any CPU.Build.0 = Release|Any CPU
		{D36CA1AC-13C3-485E-8700-109B9A5477FC}.Debug|Any CPU.ActiveCfg = Debug|Any CPU
		{D36CA1AC-13C3-485E-8700-109B9A5477FC}.Debug|Any CPU.Build.0 = Debug|Any CPU
		{D36CA1AC-13C3-485E-8700-109B9A5477FC}.Release|Any CPU.ActiveCfg = Release|Any CPU
		{D36CA1AC-13C3-485E-8700-109B9A5477FC}.Release|Any CPU.Build.0 = Release|Any CPU
		{769E751D-691B-4D05-AB19-68BEAA614E11}.Debug|Any CPU.ActiveCfg = Debug|Any CPU
		{769E751D-691B-4D05-AB19-68BEAA614E11}.Debug|Any CPU.Build.0 = Debug|Any CPU
		{769E751D-691B-4D05-AB19-68BEAA614E11}.Release|Any CPU.ActiveCfg = Release|Any CPU
		{769E751D-691B-4D05-AB19-68BEAA614E11}.Release|Any CPU.Build.0 = Release|Any CPU
		{1A1B7618-FF82-44F7-AB16-9DBE8329C1A5}.Debug|Any CPU.ActiveCfg = Debug|Any CPU
		{1A1B7618-FF82-44F7-AB16-9DBE8329C1A5}.Debug|Any CPU.Build.0 = Debug|Any CPU
		{1A1B7618-FF82-44F7-AB16-9DBE8329C1A5}.Release|Any CPU.ActiveCfg = Release|Any CPU
		{1A1B7618-FF82-44F7-AB16-9DBE8329C1A5}.Release|Any CPU.Build.0 = Release|Any CPU
		{648D209F-6858-4222-B0EC-6C7526C27CDC}.Debug|Any CPU.ActiveCfg = Debug|Any CPU
		{648D209F-6858-4222-B0EC-6C7526C27CDC}.Debug|Any CPU.Build.0 = Debug|Any CPU
		{648D209F-6858-4222-B0EC-6C7526C27CDC}.Release|Any CPU.ActiveCfg = Release|Any CPU
		{648D209F-6858-4222-B0EC-6C7526C27CDC}.Release|Any CPU.Build.0 = Release|Any CPU
		{3176DC40-EDA1-4D2C-AF3B-9A82BACEAFD3}.Debug|Any CPU.ActiveCfg = Debug|Any CPU
		{3176DC40-EDA1-4D2C-AF3B-9A82BACEAFD3}.Debug|Any CPU.Build.0 = Debug|Any CPU
		{3176DC40-EDA1-4D2C-AF3B-9A82BACEAFD3}.Release|Any CPU.ActiveCfg = Release|Any CPU
		{3176DC40-EDA1-4D2C-AF3B-9A82BACEAFD3}.Release|Any CPU.Build.0 = Release|Any CPU
		{FA1E1AE9-67B3-47F8-9C6F-8DCBFC32D6D8}.Debug|Any CPU.ActiveCfg = Debug|Any CPU
		{FA1E1AE9-67B3-47F8-9C6F-8DCBFC32D6D8}.Debug|Any CPU.Build.0 = Debug|Any CPU
		{FA1E1AE9-67B3-47F8-9C6F-8DCBFC32D6D8}.Release|Any CPU.ActiveCfg = Release|Any CPU
		{FA1E1AE9-67B3-47F8-9C6F-8DCBFC32D6D8}.Release|Any CPU.Build.0 = Release|Any CPU
		{6ED7E9DB-E9F8-4D95-961F-9B1BFCAB192C}.Debug|Any CPU.ActiveCfg = Debug|Any CPU
		{6ED7E9DB-E9F8-4D95-961F-9B1BFCAB192C}.Debug|Any CPU.Build.0 = Debug|Any CPU
		{6ED7E9DB-E9F8-4D95-961F-9B1BFCAB192C}.Release|Any CPU.ActiveCfg = Release|Any CPU
		{6ED7E9DB-E9F8-4D95-961F-9B1BFCAB192C}.Release|Any CPU.Build.0 = Release|Any CPU
		{E8E7B449-BC9D-4B2A-B9D9-23AD219BCE90}.Debug|Any CPU.ActiveCfg = Debug|Any CPU
		{E8E7B449-BC9D-4B2A-B9D9-23AD219BCE90}.Debug|Any CPU.Build.0 = Debug|Any CPU
		{E8E7B449-BC9D-4B2A-B9D9-23AD219BCE90}.Release|Any CPU.ActiveCfg = Release|Any CPU
		{E8E7B449-BC9D-4B2A-B9D9-23AD219BCE90}.Release|Any CPU.Build.0 = Release|Any CPU
		{E80AFA49-4D70-4E83-8DB6-E1566A00E2BC}.Debug|Any CPU.ActiveCfg = Debug|Any CPU
		{E80AFA49-4D70-4E83-8DB6-E1566A00E2BC}.Debug|Any CPU.Build.0 = Debug|Any CPU
		{E80AFA49-4D70-4E83-8DB6-E1566A00E2BC}.Release|Any CPU.ActiveCfg = Release|Any CPU
		{E80AFA49-4D70-4E83-8DB6-E1566A00E2BC}.Release|Any CPU.Build.0 = Release|Any CPU
		{8D5EAE8B-4DEE-4B72-9479-E006D67953D7}.Debug|Any CPU.ActiveCfg = Debug|Any CPU
		{8D5EAE8B-4DEE-4B72-9479-E006D67953D7}.Debug|Any CPU.Build.0 = Debug|Any CPU
		{8D5EAE8B-4DEE-4B72-9479-E006D67953D7}.Release|Any CPU.ActiveCfg = Release|Any CPU
		{8D5EAE8B-4DEE-4B72-9479-E006D67953D7}.Release|Any CPU.Build.0 = Release|Any CPU
		{80310FAB-07D0-43D1-91CC-DE4F601D0EFF}.Debug|Any CPU.ActiveCfg = Debug|Any CPU
		{80310FAB-07D0-43D1-91CC-DE4F601D0EFF}.Debug|Any CPU.Build.0 = Debug|Any CPU
		{80310FAB-07D0-43D1-91CC-DE4F601D0EFF}.Release|Any CPU.ActiveCfg = Release|Any CPU
		{80310FAB-07D0-43D1-91CC-DE4F601D0EFF}.Release|Any CPU.Build.0 = Release|Any CPU
		{8478C1D1-8CD3-4E53-A542-494E4D2783FD}.Debug|Any CPU.ActiveCfg = Debug|Any CPU
		{8478C1D1-8CD3-4E53-A542-494E4D2783FD}.Debug|Any CPU.Build.0 = Debug|Any CPU
		{8478C1D1-8CD3-4E53-A542-494E4D2783FD}.Release|Any CPU.ActiveCfg = Release|Any CPU
		{8478C1D1-8CD3-4E53-A542-494E4D2783FD}.Release|Any CPU.Build.0 = Release|Any CPU
		{2C8EAF74-06F1-47BB-B6A0-A6E6B7F3E272}.Debug|Any CPU.ActiveCfg = Debug|Any CPU
		{2C8EAF74-06F1-47BB-B6A0-A6E6B7F3E272}.Debug|Any CPU.Build.0 = Debug|Any CPU
		{2C8EAF74-06F1-47BB-B6A0-A6E6B7F3E272}.Release|Any CPU.ActiveCfg = Release|Any CPU
		{2C8EAF74-06F1-47BB-B6A0-A6E6B7F3E272}.Release|Any CPU.Build.0 = Release|Any CPU
	EndGlobalSection
	GlobalSection(SolutionProperties) = preSolution
		HideSolutionNode = FALSE
	EndGlobalSection
	GlobalSection(NestedProjects) = preSolution
		{AA3D65CC-EB98-4E1B-8E19-30A63390895B} = {FF96F55F-FA92-46D8-A0A6-B12A2859213B}
		{242C9106-A99D-4B55-819B-2454A919C080} = {FF96F55F-FA92-46D8-A0A6-B12A2859213B}
		{F89AA095-EBC5-457E-9F44-3272ADAD5AE2} = {FF96F55F-FA92-46D8-A0A6-B12A2859213B}
		{EC4AED06-4169-42A5-8FD1-E850DC99E806} = {FF96F55F-FA92-46D8-A0A6-B12A2859213B}
		{F0C21DBC-E304-412F-BC6B-37502C8BC0E0} = {FF96F55F-FA92-46D8-A0A6-B12A2859213B}
		{72F61563-6437-4C98-914C-F6554CDBEBF0} = {CC02AB00-11D5-4AA6-915C-6C2925288D90}
		{B5FB3E4A-81E2-4982-9E4F-F7C5A4BCD5C8} = {CC02AB00-11D5-4AA6-915C-6C2925288D90}
		{753AC5BD-CB7A-4B3C-8524-3A6702B3C8B9} = {FF96F55F-FA92-46D8-A0A6-B12A2859213B}
		{3C3BD04C-4E3A-4A43-86FD-07F085600305} = {FE13E499-C64C-427C-AC4A-B256A503A1E1}
		{9954DECA-FB63-454A-B9CE-E08E4E58B276} = {FE13E499-C64C-427C-AC4A-B256A503A1E1}
		{00A57255-4D13-476C-92AE-54004D4716B6} = {FE13E499-C64C-427C-AC4A-B256A503A1E1}
		{6AED3250-FC9A-416B-AD74-48AE91AE9688} = {FE13E499-C64C-427C-AC4A-B256A503A1E1}
		{7434EF48-9463-4CC5-977D-ABE54255A851} = {FE13E499-C64C-427C-AC4A-B256A503A1E1}
		{1B6A4434-94EF-41DA-9A85-CA80155AB09B} = {FE13E499-C64C-427C-AC4A-B256A503A1E1}
		{AD9E330C-26BD-4162-94AD-6F4CC7BEF380} = {FE13E499-C64C-427C-AC4A-B256A503A1E1}
		{CC02AB00-11D5-4AA6-915C-6C2925288D90} = {A09467FF-3A69-4A4D-8CB7-CA7D5AC2ABC0}
		{D14BF9BE-4D74-49C7-9503-9694C1A07778} = {68877663-8006-46A8-8F4A-FFE9982923E3}
		{CC9F33C3-621A-402A-9DAA-22054B15B18C} = {68877663-8006-46A8-8F4A-FFE9982923E3}
		{68877663-8006-46A8-8F4A-FFE9982923E3} = {A09467FF-3A69-4A4D-8CB7-CA7D5AC2ABC0}
		{A2ECBDF5-BE33-47B5-BB80-F8EC5981F838} = {AAD59B11-9167-4787-91C2-6CA59DB71BC1}
		{0F819BE3-16A1-46DA-94F1-9118613DA694} = {AAD59B11-9167-4787-91C2-6CA59DB71BC1}
		{AAD59B11-9167-4787-91C2-6CA59DB71BC1} = {A09467FF-3A69-4A4D-8CB7-CA7D5AC2ABC0}
		{D36CA1AC-13C3-485E-8700-109B9A5477FC} = {8E871730-ADCB-446A-871A-F6193B4BDA25}
		{769E751D-691B-4D05-AB19-68BEAA614E11} = {8E871730-ADCB-446A-871A-F6193B4BDA25}
		{E4299267-6D8F-4F3E-80FF-68A0DB7A110B} = {A09467FF-3A69-4A4D-8CB7-CA7D5AC2ABC0}
		{1A1B7618-FF82-44F7-AB16-9DBE8329C1A5} = {E4299267-6D8F-4F3E-80FF-68A0DB7A110B}
		{648D209F-6858-4222-B0EC-6C7526C27CDC} = {E4299267-6D8F-4F3E-80FF-68A0DB7A110B}
		{658994B4-EA4B-488D-9F8B-4C62AFAC2448} = {A09467FF-3A69-4A4D-8CB7-CA7D5AC2ABC0}
		{3176DC40-EDA1-4D2C-AF3B-9A82BACEAFD3} = {658994B4-EA4B-488D-9F8B-4C62AFAC2448}
		{FA1E1AE9-67B3-47F8-9C6F-8DCBFC32D6D8} = {1109E050-A5D0-440D-A74E-15DDBBB0073A}
		{1109E050-A5D0-440D-A74E-15DDBBB0073A} = {7B027505-D7CA-445F-826F-125DFE377D56}
		{6ED7E9DB-E9F8-4D95-961F-9B1BFCAB192C} = {1109E050-A5D0-440D-A74E-15DDBBB0073A}
		{E8E7B449-BC9D-4B2A-B9D9-23AD219BCE90} = {4440894D-0160-4C30-BCB4-F50FC64136D1}
		{4440894D-0160-4C30-BCB4-F50FC64136D1} = {D004BBF0-6424-4DD1-B4D1-DD620A23BFD5}
		{E80AFA49-4D70-4E83-8DB6-E1566A00E2BC} = {4440894D-0160-4C30-BCB4-F50FC64136D1}
		{8D5EAE8B-4DEE-4B72-9479-E006D67953D7} = {29AB0A3D-F701-41D9-BCBA-58D4F15A64E6}
		{80310FAB-07D0-43D1-91CC-DE4F601D0EFF} = {29AB0A3D-F701-41D9-BCBA-58D4F15A64E6}
		{8478C1D1-8CD3-4E53-A542-494E4D2783FD} = {6945BA1C-805E-4A5B-BC41-607D1BF75B94}
		{2C8EAF74-06F1-47BB-B6A0-A6E6B7F3E272} = {6945BA1C-805E-4A5B-BC41-607D1BF75B94}
	EndGlobalSection
	GlobalSection(ExtensibilityGlobals) = postSolution
		SolutionGuid = {75BF0FD6-DB4D-4992-A504-36F60619F6F8}
	EndGlobalSection
EndGlobal
