
Microsoft Visual Studio Solution File, Format Version 12.00
# Visual Studio Version 16
VisualStudioVersion = 16.0.32228.343
MinimumVisualStudioVersion = 10.0.40219.1
Project("{FAE04EC0-301F-11D3-BF4B-00C04F79EFBC}") = "Aplicacion_01", "Aplicacion_01\Aplicacion_01.csproj", "{660F20FF-C762-448F-916D-BA3B55AD56C9}"
EndProject
Project("{FAE04EC0-301F-11D3-BF4B-00C04F79EFBC}") = "Aplicacion_02", "Aplicacion_02\Aplicacion_02.csproj", "{0305991B-9279-4FD7-A420-0C24A8CFF8C7}"
EndProject
Global
	GlobalSection(SolutionConfigurationPlatforms) = preSolution
		Debug|Any CPU = Debug|Any CPU
		Release|Any CPU = Release|Any CPU
	EndGlobalSection
	GlobalSection(ProjectConfigurationPlatforms) = postSolution
		{660F20FF-C762-448F-916D-BA3B55AD56C9}.Debug|Any CPU.ActiveCfg = Debug|Any CPU
		{660F20FF-C762-448F-916D-BA3B55AD56C9}.Debug|Any CPU.Build.0 = Debug|Any CPU
		{660F20FF-C762-448F-916D-BA3B55AD56C9}.Release|Any CPU.ActiveCfg = Release|Any CPU
		{660F20FF-C762-448F-916D-BA3B55AD56C9}.Release|Any CPU.Build.0 = Release|Any CPU
		{0305991B-9279-4FD7-A420-0C24A8CFF8C7}.Debug|Any CPU.ActiveCfg = Debug|Any CPU
		{0305991B-9279-4FD7-A420-0C24A8CFF8C7}.Debug|Any CPU.Build.0 = Debug|Any CPU
		{0305991B-9279-4FD7-A420-0C24A8CFF8C7}.Release|Any CPU.ActiveCfg = Release|Any CPU
		{0305991B-9279-4FD7-A420-0C24A8CFF8C7}.Release|Any CPU.Build.0 = Release|Any CPU
	EndGlobalSection
	GlobalSection(SolutionProperties) = preSolution
		HideSolutionNode = FALSE
	EndGlobalSection
	GlobalSection(ExtensibilityGlobals) = postSolution
		SolutionGuid = {6849697F-BEA5-4477-9258-BAAD52F28ED3}
	EndGlobalSection
EndGlobal
